{
  "name": "ui5-webjar",
  "version": "1.0.0",
  "lockfileVersion": 3,
  "requires": true,
  "packages": {
    "": {
      "name": "ui5-webjar",
      "version": "1.0.0",
      "license": "ISC",
      "dependencies": {
        "@ui5/webcomponents": "^1.22.0",
        "@ui5/webcomponents-fiori": "^1.22.0",
        "@ui5/webcomponents-icons": "^1.22.0"
      },
      "devDependencies": {
        "esbuild": "0.21.0"
      }
    },
    "node_modules/@esbuild/aix-ppc64": {
      "version": "0.21.0",
      "resolved": "https://registry.npmjs.org/@esbuild/aix-ppc64/-/aix-ppc64-0.21.0.tgz",
      "integrity": "sha512-kB8I77Onff4y6hAREwsjF11ifM+xi8bBIq/viMO5NFZDX2vKlF0/mevHJYb4sNfb55jIREeUztkUfIgOFtSzdw==",
      "cpu": [
        "ppc64"
      ],
      "dev": true,
      "optional": true,
      "os": [
        "aix"
      ],
      "engines": {
        "node": ">=12"
      }
    },
    "node_modules/@esbuild/android-arm": {
      "version": "0.21.0",
      "resolved": "https://registry.npmjs.org/@esbuild/android-arm/-/android-arm-0.21.0.tgz",
      "integrity": "sha512-8OvDALSbmoLJ79KCs0hxoki5I3qJA7JQMhJO6aq5O8G+pi7TPnGICdQRQcgdzwZaVc4ptp5SX7Phg6jKzvSEBg==",
      "cpu": [
        "arm"
      ],
      "dev": true,
      "optional": true,
      "os": [
        "android"
      ],
      "engines": {
        "node": ">=12"
      }
    },
    "node_modules/@esbuild/android-arm64": {
      "version": "0.21.0",
      "resolved": "https://registry.npmjs.org/@esbuild/android-arm64/-/android-arm64-0.21.0.tgz",
      "integrity": "sha512-SDGbrIOL6P6WTIbDcCa2sbFgznp8o6ztjGWrA+js8JZ9HhBXavN3gPrEqUqB4+bV4AdsqlZG1tK2F06BOPNpZg==",
      "cpu": [
        "arm64"
      ],
      "dev": true,
      "optional": true,
      "os": [
        "android"
      ],
      "engines": {
        "node": ">=12"
      }
    },
    "node_modules/@esbuild/android-x64": {
      "version": "0.21.0",
      "resolved": "https://registry.npmjs.org/@esbuild/android-x64/-/android-x64-0.21.0.tgz",
      "integrity": "sha512-G4fkcHqDtIbiE9b3KFJP+ay+TiCOHmenT5GYVi0fuHxFbX0CJ3lpTQbFuWR5s5AlYZZ1j4yY2hbggSUkaBK0pg==",
      "cpu": [
        "x64"
      ],
      "dev": true,
      "optional": true,
      "os": [
        "android"
      ],
      "engines": {
        "node": ">=12"
      }
    },
    "node_modules/@esbuild/darwin-arm64": {
      "version": "0.21.0",
      "resolved": "https://registry.npmjs.org/@esbuild/darwin-arm64/-/darwin-arm64-0.21.0.tgz",
      "integrity": "sha512-XMcLA6siz67AoEOl8WOot2Y3TOSClT15AqJdQz/sx98Dpv3oTbcv0BoqvHAhpBPgC8iyIKM98vVj6th7lA4DFg==",
      "cpu": [
        "arm64"
      ],
      "dev": true,
      "optional": true,
      "os": [
        "darwin"
      ],
      "engines": {
        "node": ">=12"
      }
    },
    "node_modules/@esbuild/darwin-x64": {
      "version": "0.21.0",
      "resolved": "https://registry.npmjs.org/@esbuild/darwin-x64/-/darwin-x64-0.21.0.tgz",
      "integrity": "sha512-+dmvTVqVkAArjJyIbo4Rl2S4I4A/yRuivTPR9Igw0QMBVSJegJqixKxZvKLCh8xi6n8tePdq3EpfbFYH2KNNiw==",
      "cpu": [
        "x64"
      ],
      "dev": true,
      "optional": true,
      "os": [
        "darwin"
      ],
      "engines": {
        "node": ">=12"
      }
    },
    "node_modules/@esbuild/freebsd-arm64": {
      "version": "0.21.0",
      "resolved": "https://registry.npmjs.org/@esbuild/freebsd-arm64/-/freebsd-arm64-0.21.0.tgz",
      "integrity": "sha512-g8/wBRLbsjryMBo4PGg050I1fn4qrJobkxpT1OekO6I4H2HVQfVfBAvGPhwzc9tr8CUVu0pSGSz9oDPGIjhLNw==",
      "cpu": [
        "arm64"
      ],
      "dev": true,
      "optional": true,
      "os": [
        "freebsd"
      ],
      "engines": {
        "node": ">=12"
      }
    },
    "node_modules/@esbuild/freebsd-x64": {
      "version": "0.21.0",
      "resolved": "https://registry.npmjs.org/@esbuild/freebsd-x64/-/freebsd-x64-0.21.0.tgz",
      "integrity": "sha512-uwRL7kSN9tfFBpa7o9HQjEgxPsQsSmOz2ALQ30dxMNT22xS49s8nUtFi7bJ+kM/pcTHcnhyJwJPCY7cwlbQbWQ==",
      "cpu": [
        "x64"
      ],
      "dev": true,
      "optional": true,
      "os": [
        "freebsd"
      ],
      "engines": {
        "node": ">=12"
      }
    },
    "node_modules/@esbuild/linux-arm": {
      "version": "0.21.0",
      "resolved": "https://registry.npmjs.org/@esbuild/linux-arm/-/linux-arm-0.21.0.tgz",
      "integrity": "sha512-8s/YeLaUV3QTaGzwDqiTpb78Nw/DdIaUdIlRZItGgWf/8UZHsYUIWj9RfsEXVJB5qvtrg835Dgz/gf+GmFGa7w==",
      "cpu": [
        "arm"
      ],
      "dev": true,
      "optional": true,
      "os": [
        "linux"
      ],
      "engines": {
        "node": ">=12"
      }
    },
    "node_modules/@esbuild/linux-arm64": {
      "version": "0.21.0",
      "resolved": "https://registry.npmjs.org/@esbuild/linux-arm64/-/linux-arm64-0.21.0.tgz",
      "integrity": "sha512-mgOuJBbV8Uexb3BmeVl1q2preJMu0aDiwiFxIfsQhE2+rqxVAEcIrllb7SulkH9G244O/ZN1VVILdZb2NPSvpw==",
      "cpu": [
        "arm64"
      ],
      "dev": true,
      "optional": true,
      "os": [
        "linux"
      ],
      "engines": {
        "node": ">=12"
      }
    },
    "node_modules/@esbuild/linux-ia32": {
      "version": "0.21.0",
      "resolved": "https://registry.npmjs.org/@esbuild/linux-ia32/-/linux-ia32-0.21.0.tgz",
      "integrity": "sha512-7pVhVYBt3/R8x0Um9p4V8eMiQcnk6/IHkOo6tkfLnDqPn+NS6lnbfWysAYeDAqFKt6INQKtVxejh6ccbVYLBwQ==",
      "cpu": [
        "ia32"
      ],
      "dev": true,
      "optional": true,
      "os": [
        "linux"
      ],
      "engines": {
        "node": ">=12"
      }
    },
    "node_modules/@esbuild/linux-loong64": {
      "version": "0.21.0",
      "resolved": "https://registry.npmjs.org/@esbuild/linux-loong64/-/linux-loong64-0.21.0.tgz",
      "integrity": "sha512-P8Lse7CXV83ARWVaq6KwV6w86ABeViyUvw6s++tYsUuqUEZgG5697Un72usafkuD7AfOyBdFX6JqZSvIQAU0yQ==",
      "cpu": [
        "loong64"
      ],
      "dev": true,
      "optional": true,
      "os": [
        "linux"
      ],
      "engines": {
        "node": ">=12"
      }
    },
    "node_modules/@esbuild/linux-mips64el": {
      "version": "0.21.0",
      "resolved": "https://registry.npmjs.org/@esbuild/linux-mips64el/-/linux-mips64el-0.21.0.tgz",
      "integrity": "sha512-lUvMkXlUMrx5vnspMWohma6vuWh+Z/mPV6DdbXW07fNgF2Tlg6SLSqqzDXv5XYV4og5awNFYcPXpgqOVsqdx7Q==",
      "cpu": [
        "mips64el"
      ],
      "dev": true,
      "optional": true,
      "os": [
        "linux"
      ],
      "engines": {
        "node": ">=12"
      }
    },
    "node_modules/@esbuild/linux-ppc64": {
      "version": "0.21.0",
      "resolved": "https://registry.npmjs.org/@esbuild/linux-ppc64/-/linux-ppc64-0.21.0.tgz",
      "integrity": "sha512-wLi9VRnLDRg1Gudic24gcT5aa5LZGBwLi4aYghQ9bVb8z0qYHrZnRTNxulErFvOsSgijUWS5uNLCUaLwj+tvIQ==",
      "cpu": [
        "ppc64"
      ],
      "dev": true,
      "optional": true,
      "os": [
        "linux"
      ],
      "engines": {
        "node": ">=12"
      }
    },
    "node_modules/@esbuild/linux-riscv64": {
      "version": "0.21.0",
      "resolved": "https://registry.npmjs.org/@esbuild/linux-riscv64/-/linux-riscv64-0.21.0.tgz",
      "integrity": "sha512-MOjonqpNtns0Y32NwvMZiZXw94g8EqeqI+4BQtIHj07xX61vOyqlBsJH3UbjkWvaewie1VP9IoiX2Ja/P2XCJw==",
      "cpu": [
        "riscv64"
      ],
      "dev": true,
      "optional": true,
      "os": [
        "linux"
      ],
      "engines": {
        "node": ">=12"
      }
    },
    "node_modules/@esbuild/linux-s390x": {
      "version": "0.21.0",
      "resolved": "https://registry.npmjs.org/@esbuild/linux-s390x/-/linux-s390x-0.21.0.tgz",
      "integrity": "sha512-Gz/gafubuM3L1D29LnqaxcGg16aa2XES/uFTFdcvrwsRpMxkLiowaUvIiWJfatf/oCyyZu5CT8SrlMy37dGc7A==",
      "cpu": [
        "s390x"
      ],
      "dev": true,
      "optional": true,
      "os": [
        "linux"
      ],
      "engines": {
        "node": ">=12"
      }
    },
    "node_modules/@esbuild/linux-x64": {
      "version": "0.21.0",
      "resolved": "https://registry.npmjs.org/@esbuild/linux-x64/-/linux-x64-0.21.0.tgz",
      "integrity": "sha512-OGorpObKLm8XlhoJlxtdwECfnESXu3kd8mU1yZ5Xk0vmh0d2xoJjEXJi7y7mjFpc3+XfGQRgHq/gqyIkbufnvA==",
      "cpu": [
        "x64"
      ],
      "dev": true,
      "optional": true,
      "os": [
        "linux"
      ],
      "engines": {
        "node": ">=12"
      }
    },
    "node_modules/@esbuild/netbsd-x64": {
      "version": "0.21.0",
      "resolved": "https://registry.npmjs.org/@esbuild/netbsd-x64/-/netbsd-x64-0.21.0.tgz",
      "integrity": "sha512-AwkJoff9D5Px7+lHafSSgDK3JreyeyPtwTsOfxhlk5NZ+bMGlvSfHkA6DKv9vD0gmGrBPTMv/uIePkNaVsDq7w==",
      "cpu": [
        "x64"
      ],
      "dev": true,
      "optional": true,
      "os": [
        "netbsd"
      ],
      "engines": {
        "node": ">=12"
      }
    },
    "node_modules/@esbuild/openbsd-x64": {
      "version": "0.21.0",
      "resolved": "https://registry.npmjs.org/@esbuild/openbsd-x64/-/openbsd-x64-0.21.0.tgz",
      "integrity": "sha512-wqv7KSmRA4qf0lFZ2Abjp2boO9tDe7YwNLZ7DNUI5rsluS0/TF78CtPUUAePukgE6b2HcXYZYuL5F2yXdQIqIg==",
      "cpu": [
        "x64"
      ],
      "dev": true,
      "optional": true,
      "os": [
        "openbsd"
      ],
      "engines": {
        "node": ">=12"
      }
    },
    "node_modules/@esbuild/sunos-x64": {
      "version": "0.21.0",
      "resolved": "https://registry.npmjs.org/@esbuild/sunos-x64/-/sunos-x64-0.21.0.tgz",
      "integrity": "sha512-3qAZFC752nZZQOI+OG4KIawvLfdD5yMFCeIFz0OhedMpYgq9AOKygW45Ojy0E5upBqns2fUaMFk1CnNSkvJaYw==",
      "cpu": [
        "x64"
      ],
      "dev": true,
      "optional": true,
      "os": [
        "sunos"
      ],
      "engines": {
        "node": ">=12"
      }
    },
    "node_modules/@esbuild/win32-arm64": {
      "version": "0.21.0",
      "resolved": "https://registry.npmjs.org/@esbuild/win32-arm64/-/win32-arm64-0.21.0.tgz",
      "integrity": "sha512-06BY4wjQQ2bPjayuvKWXr5X3V+ZGnoTOX1+doLoQBUSyCDb9JZgX7o0N3t3rRNmEiMY/DuxXwu+EE+U32B4ErA==",
      "cpu": [
        "arm64"
      ],
      "dev": true,
      "optional": true,
      "os": [
        "win32"
      ],
      "engines": {
        "node": ">=12"
      }
    },
    "node_modules/@esbuild/win32-ia32": {
      "version": "0.21.0",
      "resolved": "https://registry.npmjs.org/@esbuild/win32-ia32/-/win32-ia32-0.21.0.tgz",
      "integrity": "sha512-uTLz9mPOMkl3bfuGnSQumrUN7U1aPb8MCOdjQJOWPGdXTZhkK6Z2lLHxdTjX6C51jxXWWAo64tcRwiAYOkQhJw==",
      "cpu": [
        "ia32"
      ],
      "dev": true,
      "optional": true,
      "os": [
        "win32"
      ],
      "engines": {
        "node": ">=12"
      }
    },
    "node_modules/@esbuild/win32-x64": {
      "version": "0.21.0",
      "resolved": "https://registry.npmjs.org/@esbuild/win32-x64/-/win32-x64-0.21.0.tgz",
      "integrity": "sha512-XT0oCVNRjmrMTz/Xd+9L2eOI83gUQZg9Viiv3cuT/8VNlXVMn6QsxyBMDNFsYX+wmQRD31VMKNtkZaXvS3/JiA==",
      "cpu": [
        "x64"
      ],
      "dev": true,
      "optional": true,
      "os": [
        "win32"
      ],
      "engines": {
        "node": ">=12"
      }
    },
    "node_modules/@lit-labs/ssr-dom-shim": {
      "version": "1.2.0",
      "resolved": "https://registry.npmjs.org/@lit-labs/ssr-dom-shim/-/ssr-dom-shim-1.2.0.tgz",
      "integrity": "sha512-yWJKmpGE6lUURKAaIltoPIE/wrbY3TEkqQt+X0m+7fQNnAv0keydnYvbiJFP1PnMhizmIWRWOG5KLhYyc/xl+g=="
    },
    "node_modules/@sap-theming/theming-base-content": {
      "version": "11.10.0",
      "resolved": "https://registry.npmjs.org/@sap-theming/theming-base-content/-/theming-base-content-11.10.0.tgz",
      "integrity": "sha512-MPGq5pivR+MLzchyZTXwu+VM6ZAekaPxiMnEHYHTG3uorTpBzaW+JhP8mqV+yGD3mpIUuomjbBeWbedTHnB2nw=="
    },
    "node_modules/@types/jquery": {
      "version": "3.5.29",
      "resolved": "https://registry.npmjs.org/@types/jquery/-/jquery-3.5.29.tgz",
      "integrity": "sha512-oXQQC9X9MOPRrMhPHHOsXqeQDnWeCDT3PelUIg/Oy8FAbzSZtFHRjc7IpbfFVmpLtJ+UOoywpRsuO5Jxjybyeg==",
      "dependencies": {
        "@types/sizzle": "*"
      }
    },
    "node_modules/@types/openui5": {
      "version": "1.120.2",
      "resolved": "https://registry.npmjs.org/@types/openui5/-/openui5-1.120.2.tgz",
      "integrity": "sha512-m3RiqF8bDY12UyYdBr5NQnnliiNsWbdA1GARHW1MW9Cd2FzJ4AzcpiXJT0dDWF+0c2ilpmI+D+5hLOMinIFUQg==",
      "dependencies": {
        "@types/jquery": "~3.5.13",
        "@types/qunit": "^2.5.4"
      }
    },
    "node_modules/@types/qunit": {
      "version": "2.19.10",
      "resolved": "https://registry.npmjs.org/@types/qunit/-/qunit-2.19.10.tgz",
      "integrity": "sha512-gVB+rxvxmbyPFWa6yjjKgcumWal3hyqoTXI0Oil161uWfo1OCzWZ/rnEumsx+6uVgrwPrCrhpQbLkzfildkSbg=="
    },
    "node_modules/@types/sizzle": {
      "version": "2.3.8",
      "resolved": "https://registry.npmjs.org/@types/sizzle/-/sizzle-2.3.8.tgz",
      "integrity": "sha512-0vWLNK2D5MT9dg0iOo8GlKguPAU02QjmZitPEsXRuJXU/OGIOt9vT9Fc26wtYuavLxtO45v9PGleoL9Z0k1LHg=="
    },
    "node_modules/@types/trusted-types": {
      "version": "2.0.4",
      "resolved": "https://registry.npmjs.org/@types/trusted-types/-/trusted-types-2.0.4.tgz",
      "integrity": "sha512-IDaobHimLQhjwsQ/NMwRVfa/yL7L/wriQPMhw1ZJall0KX6E1oxk29XMDeilW5qTIg5aoiqf5Udy8U/51aNoQQ=="
    },
    "node_modules/@ui5/webcomponents": {
      "version": "1.22.0",
      "resolved": "https://registry.npmjs.org/@ui5/webcomponents/-/webcomponents-1.22.0.tgz",
      "integrity": "sha512-955kkrf5CJixY4EsOQFLzHpwGohrYt/kv5FIVrVausn3OIp5n5ddlb+tgW2Hq03YM2CAqT5MTS4mKh82H9FhhQ==",
      "dependencies": {
        "@ui5/webcomponents-base": "1.22.0",
        "@ui5/webcomponents-icons": "1.22.0",
        "@ui5/webcomponents-icons-business-suite": "1.22.0",
        "@ui5/webcomponents-icons-tnt": "1.22.0",
        "@ui5/webcomponents-localization": "1.22.0",
        "@ui5/webcomponents-theming": "1.22.0"
      }
    },
    "node_modules/@ui5/webcomponents-base": {
      "version": "1.22.0",
      "resolved": "https://registry.npmjs.org/@ui5/webcomponents-base/-/webcomponents-base-1.22.0.tgz",
      "integrity": "sha512-xSW4dskiAJJFRacHcUmDz3uDhXgMjGPTrx/jQ7Lx/wnhzxQ2+vx28rLR+Np06PbLNesswkmvxT5wTTYy2ZRu5A==",
      "dependencies": {
        "@lit-labs/ssr-dom-shim": "^1.1.2",
        "lit-html": "^2.0.1"
      }
    },
    "node_modules/@ui5/webcomponents-fiori": {
      "version": "1.22.0",
      "resolved": "https://registry.npmjs.org/@ui5/webcomponents-fiori/-/webcomponents-fiori-1.22.0.tgz",
      "integrity": "sha512-qWSfuRpYUSMB4ADj3HENMVri4q7+JDLIZbtwr6BTtwON+oat7+onSYogIWazAWy1jTU/ZQK7GXCabLyBPOEDBQ==",
      "dependencies": {
        "@ui5/webcomponents": "1.22.0",
        "@ui5/webcomponents-base": "1.22.0",
        "@ui5/webcomponents-icons": "1.22.0",
        "@ui5/webcomponents-theming": "1.22.0",
        "@zxing/library": "^0.17.1"
      }
    },
    "node_modules/@ui5/webcomponents-icons": {
      "version": "1.22.0",
      "resolved": "https://registry.npmjs.org/@ui5/webcomponents-icons/-/webcomponents-icons-1.22.0.tgz",
      "integrity": "sha512-nACypbrtM/j2KG0q+A4nV7tD2sYhnpHdvWRP+qrLmtKktRjv6YbA0jLcpFwOksGFfMJPs6Nz9/lCILRqvNIzXA==",
      "dependencies": {
        "@ui5/webcomponents-base": "1.22.0"
      }
    },
    "node_modules/@ui5/webcomponents-icons-business-suite": {
      "version": "1.22.0",
      "resolved": "https://registry.npmjs.org/@ui5/webcomponents-icons-business-suite/-/webcomponents-icons-business-suite-1.22.0.tgz",
      "integrity": "sha512-Gydt3jJpwQkKuMmbx6nrqEMCfP8ROsMOqOekRHe6Qh8WMw2TAiwzKsnrgmj3RH3gKtBBJ3Z3aSx+dQ9l3GtCiw==",
      "dependencies": {
        "@ui5/webcomponents-base": "1.22.0"
      }
    },
    "node_modules/@ui5/webcomponents-icons-tnt": {
      "version": "1.22.0",
      "resolved": "https://registry.npmjs.org/@ui5/webcomponents-icons-tnt/-/webcomponents-icons-tnt-1.22.0.tgz",
      "integrity": "sha512-J/dt2rF52EdvqAY0k1I8RZj6tlVe4lVslCgrTvTZbAhVCzCZKnTNvS6kgrYNNh70cK/fqy3YEYaTrdFbOHSZyw==",
      "dependencies": {
        "@ui5/webcomponents-base": "1.22.0"
      }
    },
    "node_modules/@ui5/webcomponents-localization": {
      "version": "1.22.0",
      "resolved": "https://registry.npmjs.org/@ui5/webcomponents-localization/-/webcomponents-localization-1.22.0.tgz",
      "integrity": "sha512-YnQ8b3gF4BNzVbKAqjAk6loSmhOCsTN/gEUNmoVdzdF6uZLYA2iooXp6gnuHa1DwFiWaNxDnk4he5Z/NJODaIg==",
      "dependencies": {
        "@types/openui5": "^1.113.0",
        "@ui5/webcomponents-base": "1.22.0"
      }
    },
    "node_modules/@ui5/webcomponents-theming": {
      "version": "1.22.0",
      "resolved": "https://registry.npmjs.org/@ui5/webcomponents-theming/-/webcomponents-theming-1.22.0.tgz",
      "integrity": "sha512-yEIAezEoHRvFG/dS/x6ulzFkK4MtFXcMKE3GFyQ2QtRxVFLDFvlsO7i2LOXHIgFPRq2q+v7uTqClvJ5BkJ730w==",
      "dependencies": {
        "@sap-theming/theming-base-content": "11.10.0",
        "@ui5/webcomponents-base": "1.22.0"
      }
    },
    "node_modules/@zxing/library": {
      "version": "0.17.1",
      "resolved": "https://registry.npmjs.org/@zxing/library/-/library-0.17.1.tgz",
      "integrity": "sha512-RuiBZuteGaFXCle/b0X+g3peN8UpDc3pGe/J7hZBzKWaMZLbjensR7ja3vy47xWhXU4e8MICGqegPMxc2V2sow==",
      "dependencies": {
        "ts-custom-error": "^3.0.0"
      },
      "engines": {
        "node": ">= 10.4.0"
      },
      "optionalDependencies": {
        "@zxing/text-encoding": "~0.9.0"
      }
    },
    "node_modules/@zxing/text-encoding": {
      "version": "0.9.0",
      "resolved": "https://registry.npmjs.org/@zxing/text-encoding/-/text-encoding-0.9.0.tgz",
      "integrity": "sha512-U/4aVJ2mxI0aDNI8Uq0wEhMgY+u4CNtEb0om3+y3+niDAsoTCOB33UF0sxpzqzdqXLqmvc+vZyAt4O8pPdfkwA==",
      "optional": true
    },
    "node_modules/esbuild": {
      "version": "0.21.0",
      "resolved": "https://registry.npmjs.org/esbuild/-/esbuild-0.21.0.tgz",
      "integrity": "sha512-eyK64lASNug3Wo2+bQEBnYngjh9rkXUfOus403+OeVZteMon6moIhcEYbrSvcgBN6RsrRWCMoWcKDDK6UEsTOQ==",
      "dev": true,
      "hasInstallScript": true,
      "bin": {
        "esbuild": "bin/esbuild"
      },
      "engines": {
        "node": ">=12"
      },
      "optionalDependencies": {
        "@esbuild/aix-ppc64": "0.21.0",
        "@esbuild/android-arm": "0.21.0",
        "@esbuild/android-arm64": "0.21.0",
        "@esbuild/android-x64": "0.21.0",
        "@esbuild/darwin-arm64": "0.21.0",
        "@esbuild/darwin-x64": "0.21.0",
        "@esbuild/freebsd-arm64": "0.21.0",
        "@esbuild/freebsd-x64": "0.21.0",
        "@esbuild/linux-arm": "0.21.0",
        "@esbuild/linux-arm64": "0.21.0",
        "@esbuild/linux-ia32": "0.21.0",
        "@esbuild/linux-loong64": "0.21.0",
        "@esbuild/linux-mips64el": "0.21.0",
        "@esbuild/linux-ppc64": "0.21.0",
        "@esbuild/linux-riscv64": "0.21.0",
        "@esbuild/linux-s390x": "0.21.0",
        "@esbuild/linux-x64": "0.21.0",
        "@esbuild/netbsd-x64": "0.21.0",
        "@esbuild/openbsd-x64": "0.21.0",
        "@esbuild/sunos-x64": "0.21.0",
        "@esbuild/win32-arm64": "0.21.0",
        "@esbuild/win32-ia32": "0.21.0",
        "@esbuild/win32-x64": "0.21.0"
      }
    },
    "node_modules/lit-html": {
      "version": "2.8.0",
      "resolved": "https://registry.npmjs.org/lit-html/-/lit-html-2.8.0.tgz",
      "integrity": "sha512-o9t+MQM3P4y7M7yNzqAyjp7z+mQGa4NS4CxiyLqFPyFWyc4O+nodLrkrxSaCTrla6M5YOLaT3RpbbqjszB5g3Q==",
      "dependencies": {
        "@types/trusted-types": "^2.0.2"
      }
    },
    "node_modules/ts-custom-error": {
      "version": "3.3.1",
      "resolved": "https://registry.npmjs.org/ts-custom-error/-/ts-custom-error-3.3.1.tgz",
      "integrity": "sha512-5OX1tzOjxWEgsr/YEUWSuPrQ00deKLh6D7OTWcvNHm12/7QPyRh8SYpyWvA4IZv8H/+GQWQEh/kwo95Q9OVW1A==",
      "engines": {
        "node": ">=14.0.0"
      }
    }
  }
}
