{
  "name": "ui5-webjar",
  "version": "1.0.0",
  "lockfileVersion": 3,
  "requires": true,
  "packages": {
    "": {
      "name": "ui5-webjar",
      "version": "1.0.0",
      "license": "ISC",
      "dependencies": {
        "@ui5/webcomponents": "^1.23.2",
        "@ui5/webcomponents-fiori": "^1.22.0",
        "@ui5/webcomponents-icons": "^1.22.0"
      },
      "devDependencies": {
        "esbuild": "0.20.0"
      }
    },
    "node_modules/@esbuild/aix-ppc64": {
      "version": "0.20.0",
      "resolved": "https://registry.npmjs.org/@esbuild/aix-ppc64/-/aix-ppc64-0.20.0.tgz",
      "integrity": "sha512-fGFDEctNh0CcSwsiRPxiaqX0P5rq+AqE0SRhYGZ4PX46Lg1FNR6oCxJghf8YgY0WQEgQuh3lErUFE4KxLeRmmw==",
      "cpu": [
        "ppc64"
      ],
      "dev": true,
      "optional": true,
      "os": [
        "aix"
      ],
      "engines": {
        "node": ">=12"
      }
    },
    "node_modules/@esbuild/android-arm": {
      "version": "0.20.0",
      "resolved": "https://registry.npmjs.org/@esbuild/android-arm/-/android-arm-0.20.0.tgz",
      "integrity": "sha512-3bMAfInvByLHfJwYPJRlpTeaQA75n8C/QKpEaiS4HrFWFiJlNI0vzq/zCjBrhAYcPyVPG7Eo9dMrcQXuqmNk5g==",
      "cpu": [
        "arm"
      ],
      "dev": true,
      "optional": true,
      "os": [
        "android"
      ],
      "engines": {
        "node": ">=12"
      }
    },
    "node_modules/@esbuild/android-arm64": {
      "version": "0.20.0",
      "resolved": "https://registry.npmjs.org/@esbuild/android-arm64/-/android-arm64-0.20.0.tgz",
      "integrity": "sha512-aVpnM4lURNkp0D3qPoAzSG92VXStYmoVPOgXveAUoQBWRSuQzt51yvSju29J6AHPmwY1BjH49uR29oyfH1ra8Q==",
      "cpu": [
        "arm64"
      ],
      "dev": true,
      "optional": true,
      "os": [
        "android"
      ],
      "engines": {
        "node": ">=12"
      }
    },
    "node_modules/@esbuild/android-x64": {
      "version": "0.20.0",
      "resolved": "https://registry.npmjs.org/@esbuild/android-x64/-/android-x64-0.20.0.tgz",
      "integrity": "sha512-uK7wAnlRvjkCPzh8jJ+QejFyrP8ObKuR5cBIsQZ+qbMunwR8sbd8krmMbxTLSrDhiPZaJYKQAU5Y3iMDcZPhyQ==",
      "cpu": [
        "x64"
      ],
      "dev": true,
      "optional": true,
      "os": [
        "android"
      ],
      "engines": {
        "node": ">=12"
      }
    },
    "node_modules/@esbuild/darwin-arm64": {
      "version": "0.20.0",
      "resolved": "https://registry.npmjs.org/@esbuild/darwin-arm64/-/darwin-arm64-0.20.0.tgz",
      "integrity": "sha512-AjEcivGAlPs3UAcJedMa9qYg9eSfU6FnGHJjT8s346HSKkrcWlYezGE8VaO2xKfvvlZkgAhyvl06OJOxiMgOYQ==",
      "cpu": [
        "arm64"
      ],
      "dev": true,
      "optional": true,
      "os": [
        "darwin"
      ],
      "engines": {
        "node": ">=12"
      }
    },
    "node_modules/@esbuild/darwin-x64": {
      "version": "0.20.0",
      "resolved": "https://registry.npmjs.org/@esbuild/darwin-x64/-/darwin-x64-0.20.0.tgz",
      "integrity": "sha512-bsgTPoyYDnPv8ER0HqnJggXK6RyFy4PH4rtsId0V7Efa90u2+EifxytE9pZnsDgExgkARy24WUQGv9irVbTvIw==",
      "cpu": [
        "x64"
      ],
      "dev": true,
      "optional": true,
      "os": [
        "darwin"
      ],
      "engines": {
        "node": ">=12"
      }
    },
    "node_modules/@esbuild/freebsd-arm64": {
      "version": "0.20.0",
      "resolved": "https://registry.npmjs.org/@esbuild/freebsd-arm64/-/freebsd-arm64-0.20.0.tgz",
      "integrity": "sha512-kQ7jYdlKS335mpGbMW5tEe3IrQFIok9r84EM3PXB8qBFJPSc6dpWfrtsC/y1pyrz82xfUIn5ZrnSHQQsd6jebQ==",
      "cpu": [
        "arm64"
      ],
      "dev": true,
      "optional": true,
      "os": [
        "freebsd"
      ],
      "engines": {
        "node": ">=12"
      }
    },
    "node_modules/@esbuild/freebsd-x64": {
      "version": "0.20.0",
      "resolved": "https://registry.npmjs.org/@esbuild/freebsd-x64/-/freebsd-x64-0.20.0.tgz",
      "integrity": "sha512-uG8B0WSepMRsBNVXAQcHf9+Ko/Tr+XqmK7Ptel9HVmnykupXdS4J7ovSQUIi0tQGIndhbqWLaIL/qO/cWhXKyQ==",
      "cpu": [
        "x64"
      ],
      "dev": true,
      "optional": true,
      "os": [
        "freebsd"
      ],
      "engines": {
        "node": ">=12"
      }
    },
    "node_modules/@esbuild/linux-arm": {
      "version": "0.20.0",
      "resolved": "https://registry.npmjs.org/@esbuild/linux-arm/-/linux-arm-0.20.0.tgz",
      "integrity": "sha512-2ezuhdiZw8vuHf1HKSf4TIk80naTbP9At7sOqZmdVwvvMyuoDiZB49YZKLsLOfKIr77+I40dWpHVeY5JHpIEIg==",
      "cpu": [
        "arm"
      ],
      "dev": true,
      "optional": true,
      "os": [
        "linux"
      ],
      "engines": {
        "node": ">=12"
      }
    },
    "node_modules/@esbuild/linux-arm64": {
      "version": "0.20.0",
      "resolved": "https://registry.npmjs.org/@esbuild/linux-arm64/-/linux-arm64-0.20.0.tgz",
      "integrity": "sha512-uTtyYAP5veqi2z9b6Gr0NUoNv9F/rOzI8tOD5jKcCvRUn7T60Bb+42NDBCWNhMjkQzI0qqwXkQGo1SY41G52nw==",
      "cpu": [
        "arm64"
      ],
      "dev": true,
      "optional": true,
      "os": [
        "linux"
      ],
      "engines": {
        "node": ">=12"
      }
    },
    "node_modules/@esbuild/linux-ia32": {
      "version": "0.20.0",
      "resolved": "https://registry.npmjs.org/@esbuild/linux-ia32/-/linux-ia32-0.20.0.tgz",
      "integrity": "sha512-c88wwtfs8tTffPaoJ+SQn3y+lKtgTzyjkD8NgsyCtCmtoIC8RDL7PrJU05an/e9VuAke6eJqGkoMhJK1RY6z4w==",
      "cpu": [
        "ia32"
      ],
      "dev": true,
      "optional": true,
      "os": [
        "linux"
      ],
      "engines": {
        "node": ">=12"
      }
    },
    "node_modules/@esbuild/linux-loong64": {
      "version": "0.20.0",
      "resolved": "https://registry.npmjs.org/@esbuild/linux-loong64/-/linux-loong64-0.20.0.tgz",
      "integrity": "sha512-lR2rr/128/6svngnVta6JN4gxSXle/yZEZL3o4XZ6esOqhyR4wsKyfu6qXAL04S4S5CgGfG+GYZnjFd4YiG3Aw==",
      "cpu": [
        "loong64"
      ],
      "dev": true,
      "optional": true,
      "os": [
        "linux"
      ],
      "engines": {
        "node": ">=12"
      }
    },
    "node_modules/@esbuild/linux-mips64el": {
      "version": "0.20.0",
      "resolved": "https://registry.npmjs.org/@esbuild/linux-mips64el/-/linux-mips64el-0.20.0.tgz",
      "integrity": "sha512-9Sycc+1uUsDnJCelDf6ZNqgZQoK1mJvFtqf2MUz4ujTxGhvCWw+4chYfDLPepMEvVL9PDwn6HrXad5yOrNzIsQ==",
      "cpu": [
        "mips64el"
      ],
      "dev": true,
      "optional": true,
      "os": [
        "linux"
      ],
      "engines": {
        "node": ">=12"
      }
    },
    "node_modules/@esbuild/linux-ppc64": {
      "version": "0.20.0",
      "resolved": "https://registry.npmjs.org/@esbuild/linux-ppc64/-/linux-ppc64-0.20.0.tgz",
      "integrity": "sha512-CoWSaaAXOZd+CjbUTdXIJE/t7Oz+4g90A3VBCHLbfuc5yUQU/nFDLOzQsN0cdxgXd97lYW/psIIBdjzQIwTBGw==",
      "cpu": [
        "ppc64"
      ],
      "dev": true,
      "optional": true,
      "os": [
        "linux"
      ],
      "engines": {
        "node": ">=12"
      }
    },
    "node_modules/@esbuild/linux-riscv64": {
      "version": "0.20.0",
      "resolved": "https://registry.npmjs.org/@esbuild/linux-riscv64/-/linux-riscv64-0.20.0.tgz",
      "integrity": "sha512-mlb1hg/eYRJUpv8h/x+4ShgoNLL8wgZ64SUr26KwglTYnwAWjkhR2GpoKftDbPOCnodA9t4Y/b68H4J9XmmPzA==",
      "cpu": [
        "riscv64"
      ],
      "dev": true,
      "optional": true,
      "os": [
        "linux"
      ],
      "engines": {
        "node": ">=12"
      }
    },
    "node_modules/@esbuild/linux-s390x": {
      "version": "0.20.0",
      "resolved": "https://registry.npmjs.org/@esbuild/linux-s390x/-/linux-s390x-0.20.0.tgz",
      "integrity": "sha512-fgf9ubb53xSnOBqyvWEY6ukBNRl1mVX1srPNu06B6mNsNK20JfH6xV6jECzrQ69/VMiTLvHMicQR/PgTOgqJUQ==",
      "cpu": [
        "s390x"
      ],
      "dev": true,
      "optional": true,
      "os": [
        "linux"
      ],
      "engines": {
        "node": ">=12"
      }
    },
    "node_modules/@esbuild/linux-x64": {
      "version": "0.20.0",
      "resolved": "https://registry.npmjs.org/@esbuild/linux-x64/-/linux-x64-0.20.0.tgz",
      "integrity": "sha512-H9Eu6MGse++204XZcYsse1yFHmRXEWgadk2N58O/xd50P9EvFMLJTQLg+lB4E1cF2xhLZU5luSWtGTb0l9UeSg==",
      "cpu": [
        "x64"
      ],
      "dev": true,
      "optional": true,
      "os": [
        "linux"
      ],
      "engines": {
        "node": ">=12"
      }
    },
    "node_modules/@esbuild/netbsd-x64": {
      "version": "0.20.0",
      "resolved": "https://registry.npmjs.org/@esbuild/netbsd-x64/-/netbsd-x64-0.20.0.tgz",
      "integrity": "sha512-lCT675rTN1v8Fo+RGrE5KjSnfY0x9Og4RN7t7lVrN3vMSjy34/+3na0q7RIfWDAj0e0rCh0OL+P88lu3Rt21MQ==",
      "cpu": [
        "x64"
      ],
      "dev": true,
      "optional": true,
      "os": [
        "netbsd"
      ],
      "engines": {
        "node": ">=12"
      }
    },
    "node_modules/@esbuild/openbsd-x64": {
      "version": "0.20.0",
      "resolved": "https://registry.npmjs.org/@esbuild/openbsd-x64/-/openbsd-x64-0.20.0.tgz",
      "integrity": "sha512-HKoUGXz/TOVXKQ+67NhxyHv+aDSZf44QpWLa3I1lLvAwGq8x1k0T+e2HHSRvxWhfJrFxaaqre1+YyzQ99KixoA==",
      "cpu": [
        "x64"
      ],
      "dev": true,
      "optional": true,
      "os": [
        "openbsd"
      ],
      "engines": {
        "node": ">=12"
      }
    },
    "node_modules/@esbuild/sunos-x64": {
      "version": "0.20.0",
      "resolved": "https://registry.npmjs.org/@esbuild/sunos-x64/-/sunos-x64-0.20.0.tgz",
      "integrity": "sha512-GDwAqgHQm1mVoPppGsoq4WJwT3vhnz/2N62CzhvApFD1eJyTroob30FPpOZabN+FgCjhG+AgcZyOPIkR8dfD7g==",
      "cpu": [
        "x64"
      ],
      "dev": true,
      "optional": true,
      "os": [
        "sunos"
      ],
      "engines": {
        "node": ">=12"
      }
    },
    "node_modules/@esbuild/win32-arm64": {
      "version": "0.20.0",
      "resolved": "https://registry.npmjs.org/@esbuild/win32-arm64/-/win32-arm64-0.20.0.tgz",
      "integrity": "sha512-0vYsP8aC4TvMlOQYozoksiaxjlvUcQrac+muDqj1Fxy6jh9l9CZJzj7zmh8JGfiV49cYLTorFLxg7593pGldwQ==",
      "cpu": [
        "arm64"
      ],
      "dev": true,
      "optional": true,
      "os": [
        "win32"
      ],
      "engines": {
        "node": ">=12"
      }
    },
    "node_modules/@esbuild/win32-ia32": {
      "version": "0.20.0",
      "resolved": "https://registry.npmjs.org/@esbuild/win32-ia32/-/win32-ia32-0.20.0.tgz",
      "integrity": "sha512-p98u4rIgfh4gdpV00IqknBD5pC84LCub+4a3MO+zjqvU5MVXOc3hqR2UgT2jI2nh3h8s9EQxmOsVI3tyzv1iFg==",
      "cpu": [
        "ia32"
      ],
      "dev": true,
      "optional": true,
      "os": [
        "win32"
      ],
      "engines": {
        "node": ">=12"
      }
    },
    "node_modules/@esbuild/win32-x64": {
      "version": "0.20.0",
      "resolved": "https://registry.npmjs.org/@esbuild/win32-x64/-/win32-x64-0.20.0.tgz",
      "integrity": "sha512-NgJnesu1RtWihtTtXGFMU5YSE6JyyHPMxCwBZK7a6/8d31GuSo9l0Ss7w1Jw5QnKUawG6UEehs883kcXf5fYwg==",
      "cpu": [
        "x64"
      ],
      "dev": true,
      "optional": true,
      "os": [
        "win32"
      ],
      "engines": {
        "node": ">=12"
      }
    },
    "node_modules/@lit-labs/ssr-dom-shim": {
      "version": "1.2.0",
      "resolved": "https://registry.npmjs.org/@lit-labs/ssr-dom-shim/-/ssr-dom-shim-1.2.0.tgz",
      "integrity": "sha512-yWJKmpGE6lUURKAaIltoPIE/wrbY3TEkqQt+X0m+7fQNnAv0keydnYvbiJFP1PnMhizmIWRWOG5KLhYyc/xl+g=="
    },
    "node_modules/@sap-theming/theming-base-content": {
      "version": "11.10.0",
      "resolved": "https://registry.npmjs.org/@sap-theming/theming-base-content/-/theming-base-content-11.10.0.tgz",
      "integrity": "sha512-MPGq5pivR+MLzchyZTXwu+VM6ZAekaPxiMnEHYHTG3uorTpBzaW+JhP8mqV+yGD3mpIUuomjbBeWbedTHnB2nw=="
    },
    "node_modules/@types/jquery": {
      "version": "3.5.29",
      "resolved": "https://registry.npmjs.org/@types/jquery/-/jquery-3.5.29.tgz",
      "integrity": "sha512-oXQQC9X9MOPRrMhPHHOsXqeQDnWeCDT3PelUIg/Oy8FAbzSZtFHRjc7IpbfFVmpLtJ+UOoywpRsuO5Jxjybyeg==",
      "dependencies": {
        "@types/sizzle": "*"
      }
    },
    "node_modules/@types/openui5": {
      "version": "1.120.3",
      "resolved": "https://registry.npmjs.org/@types/openui5/-/openui5-1.120.3.tgz",
      "integrity": "sha512-9Ug7al/OGYVPfD7pQYodW0Gs0z3F4zujRXwv9Hzbh2mAk20maRsAk+y5UWQYU/SIA/oAaQg+wFZ41lL4Ggx9fQ==",
      "dependencies": {
        "@types/jquery": "~3.5.13",
        "@types/qunit": "^2.5.4"
      }
    },
    "node_modules/@types/qunit": {
      "version": "2.19.10",
      "resolved": "https://registry.npmjs.org/@types/qunit/-/qunit-2.19.10.tgz",
      "integrity": "sha512-gVB+rxvxmbyPFWa6yjjKgcumWal3hyqoTXI0Oil161uWfo1OCzWZ/rnEumsx+6uVgrwPrCrhpQbLkzfildkSbg=="
    },
    "node_modules/@types/sizzle": {
      "version": "2.3.8",
      "resolved": "https://registry.npmjs.org/@types/sizzle/-/sizzle-2.3.8.tgz",
      "integrity": "sha512-0vWLNK2D5MT9dg0iOo8GlKguPAU02QjmZitPEsXRuJXU/OGIOt9vT9Fc26wtYuavLxtO45v9PGleoL9Z0k1LHg=="
    },
    "node_modules/@types/trusted-types": {
      "version": "2.0.4",
      "resolved": "https://registry.npmjs.org/@types/trusted-types/-/trusted-types-2.0.4.tgz",
      "integrity": "sha512-IDaobHimLQhjwsQ/NMwRVfa/yL7L/wriQPMhw1ZJall0KX6E1oxk29XMDeilW5qTIg5aoiqf5Udy8U/51aNoQQ=="
    },
    "node_modules/@ui5/webcomponents": {
      "version": "1.23.2",
      "resolved": "https://registry.npmjs.org/@ui5/webcomponents/-/webcomponents-1.23.2.tgz",
      "integrity": "sha512-dFQKM2NWmIJTEht+uO8jCjfyY6AbdaHBAj1yirt/eejHTpQxjkr/SJ6ec0lW8u7J95gyz8QPNVM7PAYcG1RCkQ==",
      "dependencies": {
        "@ui5/webcomponents-base": "1.23.1",
        "@ui5/webcomponents-icons": "1.23.1",
        "@ui5/webcomponents-icons-business-suite": "1.23.1",
        "@ui5/webcomponents-icons-tnt": "1.23.1",
        "@ui5/webcomponents-localization": "1.23.1",
        "@ui5/webcomponents-theming": "1.23.1"
      }
    },
    "node_modules/@ui5/webcomponents-base": {
      "version": "1.22.0",
      "resolved": "https://registry.npmjs.org/@ui5/webcomponents-base/-/webcomponents-base-1.22.0.tgz",
      "integrity": "sha512-xSW4dskiAJJFRacHcUmDz3uDhXgMjGPTrx/jQ7Lx/wnhzxQ2+vx28rLR+Np06PbLNesswkmvxT5wTTYy2ZRu5A==",
      "dependencies": {
        "@lit-labs/ssr-dom-shim": "^1.1.2",
        "lit-html": "^2.0.1"
      }
    },
    "node_modules/@ui5/webcomponents-fiori": {
      "version": "1.22.0",
      "resolved": "https://registry.npmjs.org/@ui5/webcomponents-fiori/-/webcomponents-fiori-1.22.0.tgz",
      "integrity": "sha512-qWSfuRpYUSMB4ADj3HENMVri4q7+JDLIZbtwr6BTtwON+oat7+onSYogIWazAWy1jTU/ZQK7GXCabLyBPOEDBQ==",
      "dependencies": {
        "@ui5/webcomponents": "1.22.0",
        "@ui5/webcomponents-base": "1.22.0",
        "@ui5/webcomponents-icons": "1.22.0",
        "@ui5/webcomponents-theming": "1.22.0",
        "@zxing/library": "^0.17.1"
      }
    },
    "node_modules/@ui5/webcomponents-fiori/node_modules/@ui5/webcomponents": {
      "version": "1.22.0",
      "resolved": "https://registry.npmjs.org/@ui5/webcomponents/-/webcomponents-1.22.0.tgz",
      "integrity": "sha512-955kkrf5CJixY4EsOQFLzHpwGohrYt/kv5FIVrVausn3OIp5n5ddlb+tgW2Hq03YM2CAqT5MTS4mKh82H9FhhQ==",
      "dependencies": {
        "@ui5/webcomponents-base": "1.22.0",
        "@ui5/webcomponents-icons": "1.22.0",
        "@ui5/webcomponents-icons-business-suite": "1.22.0",
        "@ui5/webcomponents-icons-tnt": "1.22.0",
        "@ui5/webcomponents-localization": "1.22.0",
        "@ui5/webcomponents-theming": "1.22.0"
      }
    },
    "node_modules/@ui5/webcomponents-fiori/node_modules/@ui5/webcomponents-icons-business-suite": {
      "version": "1.22.0",
      "resolved": "https://registry.npmjs.org/@ui5/webcomponents-icons-business-suite/-/webcomponents-icons-business-suite-1.22.0.tgz",
      "integrity": "sha512-Gydt3jJpwQkKuMmbx6nrqEMCfP8ROsMOqOekRHe6Qh8WMw2TAiwzKsnrgmj3RH3gKtBBJ3Z3aSx+dQ9l3GtCiw==",
      "dependencies": {
        "@ui5/webcomponents-base": "1.22.0"
      }
    },
    "node_modules/@ui5/webcomponents-fiori/node_modules/@ui5/webcomponents-icons-tnt": {
      "version": "1.22.0",
      "resolved": "https://registry.npmjs.org/@ui5/webcomponents-icons-tnt/-/webcomponents-icons-tnt-1.22.0.tgz",
      "integrity": "sha512-J/dt2rF52EdvqAY0k1I8RZj6tlVe4lVslCgrTvTZbAhVCzCZKnTNvS6kgrYNNh70cK/fqy3YEYaTrdFbOHSZyw==",
      "dependencies": {
        "@ui5/webcomponents-base": "1.22.0"
      }
    },
    "node_modules/@ui5/webcomponents-fiori/node_modules/@ui5/webcomponents-localization": {
      "version": "1.22.0",
      "resolved": "https://registry.npmjs.org/@ui5/webcomponents-localization/-/webcomponents-localization-1.22.0.tgz",
      "integrity": "sha512-YnQ8b3gF4BNzVbKAqjAk6loSmhOCsTN/gEUNmoVdzdF6uZLYA2iooXp6gnuHa1DwFiWaNxDnk4he5Z/NJODaIg==",
      "dependencies": {
        "@types/openui5": "^1.113.0",
        "@ui5/webcomponents-base": "1.22.0"
      }
    },
    "node_modules/@ui5/webcomponents-icons": {
      "version": "1.22.0",
      "resolved": "https://registry.npmjs.org/@ui5/webcomponents-icons/-/webcomponents-icons-1.22.0.tgz",
      "integrity": "sha512-nACypbrtM/j2KG0q+A4nV7tD2sYhnpHdvWRP+qrLmtKktRjv6YbA0jLcpFwOksGFfMJPs6Nz9/lCILRqvNIzXA==",
      "dependencies": {
        "@ui5/webcomponents-base": "1.22.0"
      }
    },
    "node_modules/@ui5/webcomponents-icons-business-suite": {
      "version": "1.23.1",
      "resolved": "https://registry.npmjs.org/@ui5/webcomponents-icons-business-suite/-/webcomponents-icons-business-suite-1.23.1.tgz",
      "integrity": "sha512-nXebQ8Oj4MdaXYHMgu0QaW+Pqqkv4beZ/XEUVATnEqri5F5yXfU3vuGoEQHVvev5Xa9yT0nX6gHhh+H12PHb0Q==",
      "dependencies": {
        "@ui5/webcomponents-base": "1.23.1"
      }
    },
    "node_modules/@ui5/webcomponents-icons-business-suite/node_modules/@ui5/webcomponents-base": {
      "version": "1.23.1",
      "resolved": "https://registry.npmjs.org/@ui5/webcomponents-base/-/webcomponents-base-1.23.1.tgz",
      "integrity": "sha512-deQnvZKF3T2TMDI6ha1pymdn9RIXUz8zU29nj7Ss67Y85+NcvtOhpxw2TZBAL+lmQHRxTwiXedAIP19KJ0HIWw==",
      "dependencies": {
        "@lit-labs/ssr-dom-shim": "^1.1.2",
        "lit-html": "^2.0.1"
      }
    },
    "node_modules/@ui5/webcomponents-icons-tnt": {
      "version": "1.23.1",
      "resolved": "https://registry.npmjs.org/@ui5/webcomponents-icons-tnt/-/webcomponents-icons-tnt-1.23.1.tgz",
      "integrity": "sha512-F0n0bLqwK7YVcaS4c2DHhKmQqhuTSGUQSYyOEcz5vZoT3ehSf8W5QNrl4rvkXQjYFwNPxDMxW7xTzyBT1Sa5Rg==",
      "dependencies": {
        "@ui5/webcomponents-base": "1.23.1"
      }
    },
    "node_modules/@ui5/webcomponents-icons-tnt/node_modules/@ui5/webcomponents-base": {
      "version": "1.23.1",
      "resolved": "https://registry.npmjs.org/@ui5/webcomponents-base/-/webcomponents-base-1.23.1.tgz",
      "integrity": "sha512-deQnvZKF3T2TMDI6ha1pymdn9RIXUz8zU29nj7Ss67Y85+NcvtOhpxw2TZBAL+lmQHRxTwiXedAIP19KJ0HIWw==",
      "dependencies": {
        "@lit-labs/ssr-dom-shim": "^1.1.2",
        "lit-html": "^2.0.1"
      }
    },
    "node_modules/@ui5/webcomponents-localization": {
      "version": "1.23.1",
      "resolved": "https://registry.npmjs.org/@ui5/webcomponents-localization/-/webcomponents-localization-1.23.1.tgz",
      "integrity": "sha512-zEdoQdpl2i0meKZsOHdUC+l7JbYG3j4Sza2NphrTE7a04duSILNRiKC+q3LXM+pvziyPARCoJ9xp4lLtByYNVA==",
      "dependencies": {
        "@types/openui5": "^1.113.0",
        "@ui5/webcomponents-base": "1.23.1"
      }
    },
    "node_modules/@ui5/webcomponents-localization/node_modules/@ui5/webcomponents-base": {
      "version": "1.23.1",
      "resolved": "https://registry.npmjs.org/@ui5/webcomponents-base/-/webcomponents-base-1.23.1.tgz",
      "integrity": "sha512-deQnvZKF3T2TMDI6ha1pymdn9RIXUz8zU29nj7Ss67Y85+NcvtOhpxw2TZBAL+lmQHRxTwiXedAIP19KJ0HIWw==",
      "dependencies": {
        "@lit-labs/ssr-dom-shim": "^1.1.2",
        "lit-html": "^2.0.1"
      }
    },
    "node_modules/@ui5/webcomponents-theming": {
      "version": "1.22.0",
      "resolved": "https://registry.npmjs.org/@ui5/webcomponents-theming/-/webcomponents-theming-1.22.0.tgz",
      "integrity": "sha512-yEIAezEoHRvFG/dS/x6ulzFkK4MtFXcMKE3GFyQ2QtRxVFLDFvlsO7i2LOXHIgFPRq2q+v7uTqClvJ5BkJ730w==",
      "dependencies": {
        "@sap-theming/theming-base-content": "11.10.0",
        "@ui5/webcomponents-base": "1.22.0"
      }
    },
    "node_modules/@ui5/webcomponents/node_modules/@sap-theming/theming-base-content": {
      "version": "11.12.0",
      "resolved": "https://registry.npmjs.org/@sap-theming/theming-base-content/-/theming-base-content-11.12.0.tgz",
      "integrity": "sha512-kPHlziH8e6W8VjzljOiNjgBz81GuvC8WUAi7K6F5k+ZaRc1DUkDU12x9k6B0l4u9nPtprdZTse55r3PFGuELdQ=="
    },
    "node_modules/@ui5/webcomponents/node_modules/@ui5/webcomponents-base": {
      "version": "1.23.1",
      "resolved": "https://registry.npmjs.org/@ui5/webcomponents-base/-/webcomponents-base-1.23.1.tgz",
      "integrity": "sha512-deQnvZKF3T2TMDI6ha1pymdn9RIXUz8zU29nj7Ss67Y85+NcvtOhpxw2TZBAL+lmQHRxTwiXedAIP19KJ0HIWw==",
      "dependencies": {
        "@lit-labs/ssr-dom-shim": "^1.1.2",
        "lit-html": "^2.0.1"
      }
    },
    "node_modules/@ui5/webcomponents/node_modules/@ui5/webcomponents-icons": {
      "version": "1.23.1",
      "resolved": "https://registry.npmjs.org/@ui5/webcomponents-icons/-/webcomponents-icons-1.23.1.tgz",
      "integrity": "sha512-SANhKZ6IWxLHIm9jW5r2jOcxbhDOgZhblzkHil2uboWwABapYBBbLehu5IUU6u0e/wb26zfCH7HTMYidglWqNQ==",
      "dependencies": {
        "@ui5/webcomponents-base": "1.23.1"
      }
    },
    "node_modules/@ui5/webcomponents/node_modules/@ui5/webcomponents-theming": {
      "version": "1.23.1",
      "resolved": "https://registry.npmjs.org/@ui5/webcomponents-theming/-/webcomponents-theming-1.23.1.tgz",
      "integrity": "sha512-04e9IVsFsOWR/FJFsn0C8cN1f666BWqknKWRn7CGlEp7RFAH5edfBBpUpY1mPFOCjsCpPERNez7uXskMCDcN4w==",
      "dependencies": {
        "@sap-theming/theming-base-content": "11.12.0",
        "@ui5/webcomponents-base": "1.23.1"
      }
    },
    "node_modules/@zxing/library": {
      "version": "0.17.1",
      "resolved": "https://registry.npmjs.org/@zxing/library/-/library-0.17.1.tgz",
      "integrity": "sha512-RuiBZuteGaFXCle/b0X+g3peN8UpDc3pGe/J7hZBzKWaMZLbjensR7ja3vy47xWhXU4e8MICGqegPMxc2V2sow==",
      "dependencies": {
        "ts-custom-error": "^3.0.0"
      },
      "engines": {
        "node": ">= 10.4.0"
      },
      "optionalDependencies": {
        "@zxing/text-encoding": "~0.9.0"
      }
    },
    "node_modules/@zxing/text-encoding": {
      "version": "0.9.0",
      "resolved": "https://registry.npmjs.org/@zxing/text-encoding/-/text-encoding-0.9.0.tgz",
      "integrity": "sha512-U/4aVJ2mxI0aDNI8Uq0wEhMgY+u4CNtEb0om3+y3+niDAsoTCOB33UF0sxpzqzdqXLqmvc+vZyAt4O8pPdfkwA==",
      "optional": true
    },
    "node_modules/esbuild": {
      "version": "0.20.0",
      "resolved": "https://registry.npmjs.org/esbuild/-/esbuild-0.20.0.tgz",
      "integrity": "sha512-6iwE3Y2RVYCME1jLpBqq7LQWK3MW6vjV2bZy6gt/WrqkY+WE74Spyc0ThAOYpMtITvnjX09CrC6ym7A/m9mebA==",
      "dev": true,
      "hasInstallScript": true,
      "bin": {
        "esbuild": "bin/esbuild"
      },
      "engines": {
        "node": ">=12"
      },
      "optionalDependencies": {
        "@esbuild/aix-ppc64": "0.20.0",
        "@esbuild/android-arm": "0.20.0",
        "@esbuild/android-arm64": "0.20.0",
        "@esbuild/android-x64": "0.20.0",
        "@esbuild/darwin-arm64": "0.20.0",
        "@esbuild/darwin-x64": "0.20.0",
        "@esbuild/freebsd-arm64": "0.20.0",
        "@esbuild/freebsd-x64": "0.20.0",
        "@esbuild/linux-arm": "0.20.0",
        "@esbuild/linux-arm64": "0.20.0",
        "@esbuild/linux-ia32": "0.20.0",
        "@esbuild/linux-loong64": "0.20.0",
        "@esbuild/linux-mips64el": "0.20.0",
        "@esbuild/linux-ppc64": "0.20.0",
        "@esbuild/linux-riscv64": "0.20.0",
        "@esbuild/linux-s390x": "0.20.0",
        "@esbuild/linux-x64": "0.20.0",
        "@esbuild/netbsd-x64": "0.20.0",
        "@esbuild/openbsd-x64": "0.20.0",
        "@esbuild/sunos-x64": "0.20.0",
        "@esbuild/win32-arm64": "0.20.0",
        "@esbuild/win32-ia32": "0.20.0",
        "@esbuild/win32-x64": "0.20.0"
      }
    },
    "node_modules/lit-html": {
      "version": "2.8.0",
      "resolved": "https://registry.npmjs.org/lit-html/-/lit-html-2.8.0.tgz",
      "integrity": "sha512-o9t+MQM3P4y7M7yNzqAyjp7z+mQGa4NS4CxiyLqFPyFWyc4O+nodLrkrxSaCTrla6M5YOLaT3RpbbqjszB5g3Q==",
      "dependencies": {
        "@types/trusted-types": "^2.0.2"
      }
    },
    "node_modules/ts-custom-error": {
      "version": "3.3.1",
      "resolved": "https://registry.npmjs.org/ts-custom-error/-/ts-custom-error-3.3.1.tgz",
      "integrity": "sha512-5OX1tzOjxWEgsr/YEUWSuPrQ00deKLh6D7OTWcvNHm12/7QPyRh8SYpyWvA4IZv8H/+GQWQEh/kwo95Q9OVW1A==",
      "engines": {
        "node": ">=14.0.0"
      }
    }
  }
}
